
Microsoft Visual Studio Solution File, Format Version 12.00
# Visual Studio 15
VisualStudioVersion = 15.0.28010.2050
MinimumVisualStudioVersion = 10.0.40219.1
Project("{FAE04EC0-301F-11D3-BF4B-00C04F79EFBC}") = "Homework8", "Homework8\Homework8.csproj", "{345FA3D7-5E22-49C6-A968-1ADC2761EFF3}"
EndProject
Global
	GlobalSection(SolutionConfigurationPlatforms) = preSolution
		Debug|Any CPU = Debug|Any CPU
		Release|Any CPU = Release|Any CPU
	EndGlobalSection
	GlobalSection(ProjectConfigurationPlatforms) = postSolution
		{345FA3D7-5E22-49C6-A968-1ADC2761EFF3}.Debug|Any CPU.ActiveCfg = Debug|Any CPU
		{345FA3D7-5E22-49C6-A968-1ADC2761EFF3}.Debug|Any CPU.Build.0 = Debug|Any CPU
		{345FA3D7-5E22-49C6-A968-1ADC2761EFF3}.Release|Any CPU.ActiveCfg = Release|Any CPU
		{345FA3D7-5E22-49C6-A968-1ADC2761EFF3}.Release|Any CPU.Build.0 = Release|Any CPU
	EndGlobalSection
	GlobalSection(SolutionProperties) = preSolution
		HideSolutionNode = FALSE
	EndGlobalSection
	GlobalSection(ExtensibilityGlobals) = postSolution
		SolutionGuid = {5E6AA12C-2A3F-41CF-9455-4BAE50EBCF59}
	EndGlobalSection
EndGlobal
